# THIS IS AN AUTOGENERATED FILE. DO NOT EDIT THIS FILE DIRECTLY.
# yarn lockfile v1


"@solidity-parser/parser@^0.19.0":
  version "0.19.0"
  resolved "https://registry.npmjs.org/@solidity-parser/parser/-/parser-0.19.0.tgz"
  integrity sha512-RV16k/qIxW/wWc+mLzV3ARyKUaMUTBy9tOLMzFhtNSKYeTAanQ3a5MudJKf/8arIFnA2L27SNjarQKmFg0w/jA==

lefthook-darwin-arm64@1.11.3:
  version "1.11.3"
  resolved "https://registry.npmjs.org/lefthook-darwin-arm64/-/lefthook-darwin-arm64-1.11.3.tgz"
  integrity sha512-IYzAOf8Qwqk7q+LoRyy7kSk9vzpUZ5wb/vLzEAH/F86Vay9AUaWe1f2pzeLwFg18qEc1QNklT69h9p/uLQMojA==

lefthook-darwin-x64@1.11.3:
  version "1.11.3"
  resolved "https://registry.yarnpkg.com/lefthook-darwin-x64/-/lefthook-darwin-x64-1.11.3.tgz#b77c231371f6f60ddaf097d500a4aae5c374eb80"
  integrity sha512-z/Wp7UMjE1Vyl+x9sjN3NvN6qKdwgHl+cDf98MKKDg/WyPE5XnzqLm9rLLJgImjyClfH7ptTfZxEyhTG3M3XvQ==

lefthook-freebsd-arm64@1.11.3:
  version "1.11.3"
  resolved "https://registry.yarnpkg.com/lefthook-freebsd-arm64/-/lefthook-freebsd-arm64-1.11.3.tgz#27665ae8ab91c40a137d2f5a68ba84594988c120"
  integrity sha512-QevwQ7lrv5wBCkk7LLTzT5KR3Bk/5nttSxT1UH2o0EsgirS/c2K5xSgQmV6m3CiZYuCe2Pja4BSIwN3zt17SMw==

lefthook-freebsd-x64@1.11.3:
  version "1.11.3"
  resolved "https://registry.yarnpkg.com/lefthook-freebsd-x64/-/lefthook-freebsd-x64-1.11.3.tgz#30f5f398af759212dd68b8b5307229d04ce5c26c"
  integrity sha512-PYbcyNgdJJ4J2pEO9Ss4oYo5yq4vmQGTKm3RTYbRx4viSWR65hvKCP0C4LnIqspMvmR05SJi2bqe7UBP2t60EA==

lefthook-linux-arm64@1.11.3:
  version "1.11.3"
  resolved "https://registry.yarnpkg.com/lefthook-linux-arm64/-/lefthook-linux-arm64-1.11.3.tgz#ac338808e1c560935704473707e7540171170618"
  integrity sha512-0pBMBAoafOAEg345eOPozsmRjWR0zCr6k+m5ZxwRBZbZx1bQFDqBakQ3TpFCphhcykmgFyaa1KeZJZUOrEsezA==

lefthook-linux-x64@1.11.3:
  version "1.11.3"
  resolved "https://registry.yarnpkg.com/lefthook-linux-x64/-/lefthook-linux-x64-1.11.3.tgz#eea29dc603f34822c57f47bd9777bfa0e1ffa223"
  integrity sha512-eiezheZ/bisBCMB2Ur0mctug/RDFyu39B5wzoE8y4z0W1yw6jHGrWMJ4Y8+5qKZ7fmdZg+7YPuMHZ2eFxOnhQA==

lefthook-openbsd-arm64@1.11.3:
  version "1.11.3"
  resolved "https://registry.yarnpkg.com/lefthook-openbsd-arm64/-/lefthook-openbsd-arm64-1.11.3.tgz#b6eae9109a1a7520392317d635810e43cabe1b89"
  integrity sha512-DRLTzXdtCj/TizpLcGSqXcnrqvgxeXgn/6nqzclIGqNdKCsNXDzpI0D3sP13Vwwmyoqv2etoTak2IHqZiXZDqg==

lefthook-openbsd-x64@1.11.3:
  version "1.11.3"
  resolved "https://registry.yarnpkg.com/lefthook-openbsd-x64/-/lefthook-openbsd-x64-1.11.3.tgz#4b681975fe17ad9615b92310ca094c4d292aa5ec"
  integrity sha512-l7om+ZjWpYrVZyDuElwnucZhEqa7YfwlRaKBenkBxEh2zMje8O6Zodeuma1KmyDbSFvnvEjARo/Ejiot4gLXEw==

lefthook-windows-arm64@1.11.3:
  version "1.11.3"
  resolved "https://registry.yarnpkg.com/lefthook-windows-arm64/-/lefthook-windows-arm64-1.11.3.tgz#0cf029605d0c2983bf287269b8347aed460561c5"
  integrity sha512-X0iTrql2gfPAkU2dzRwuHWgW5RcqCPbzJtKQ41X6Y/F7iQacRknmuYUGyC81funSvzGAsvlusMVLUvaFjIKnbA==

lefthook-windows-x64@1.11.3:
  version "1.11.3"
  resolved "https://registry.yarnpkg.com/lefthook-windows-x64/-/lefthook-windows-x64-1.11.3.tgz#6baac87f6fb36885dea0c360452049dd8d6dad44"
  integrity sha512-F+ORMn6YJXoS0EXU5LtN1FgV4QX9rC9LucZEkRmK6sKmS7hcb9IHpyb7siRGytArYzJvXVjPbxPBNSBdN4egZQ==

lefthook@^1.8.4:
  version "1.11.3"
  resolved "https://registry.npmjs.org/lefthook/-/lefthook-1.11.3.tgz"
  integrity sha512-HJp37y62j3j8qzAOODWuUJl4ysLwsDvCTBV6odr3jIRHR/a5e+tI14VQGIBcpK9ysqC3pGWyW5Rp9Jv1YDubyw==
  optionalDependencies:
    lefthook-darwin-arm64 "1.11.3"
    lefthook-darwin-x64 "1.11.3"
    lefthook-freebsd-arm64 "1.11.3"
    lefthook-freebsd-x64 "1.11.3"
    lefthook-linux-arm64 "1.11.3"
    lefthook-linux-x64 "1.11.3"
    lefthook-openbsd-arm64 "1.11.3"
    lefthook-openbsd-x64 "1.11.3"
    lefthook-windows-arm64 "1.11.3"
    lefthook-windows-x64 "1.11.3"

prettier-plugin-solidity@^1.4.2:
  version "1.4.2"
  resolved "https://registry.npmjs.org/prettier-plugin-solidity/-/prettier-plugin-solidity-1.4.2.tgz"
  integrity sha512-VVD/4XlDjSzyPWWCPW8JEleFa8JNKFYac5kNlMjVXemQyQZKfpekPMhFZSePuXB6L+RixlFvWe20iacGjFYrLw==
  dependencies:
    "@solidity-parser/parser" "^0.19.0"
    semver "^7.6.3"

prettier@^3.5.0:
  version "3.5.3"
  resolved "https://registry.npmjs.org/prettier/-/prettier-3.5.3.tgz"
  integrity sha512-QQtaxnoDJeAkDvDKWCLiwIXkTgRhwYDEQCghU9Z6q03iyek/rxRh/2lC3HB7P8sWT2xC/y5JDctPLBIGzHKbhw==

semver@^7.6.3:
  version "7.7.1"
  resolved "https://registry.npmjs.org/semver/-/semver-7.7.1.tgz"
  integrity sha512-hlq8tAfn0m/61p4BVRcPzIGr6LKiMwo4VM6dGi6pt4qcRkmNzTcWq6eCEjEh+qXjkMDvPlOFFSGwQjoEa6gyMA==
